
Microsoft Visual Studio Solution File, Format Version 12.00
# Visual Studio Version 16
VisualStudioVersion = 16.0.31321.278
MinimumVisualStudioVersion = 10.0.40219.1
Project("{FAE04EC0-301F-11D3-BF4B-00C04F79EFBC}") = "App02SQLite.Android", "App02SQLite\App02SQLite.Android\App02SQLite.Android.csproj", "{1767E08F-E298-40AB-9DB5-DF3128425BB2}"
EndProject
Project("{FAE04EC0-301F-11D3-BF4B-00C04F79EFBC}") = "App02SQLite", "App02SQLite\App02SQLite\App02SQLite.csproj", "{53391323-FD13-45F7-96A6-8CED004D6239}"
EndProject
Global
	GlobalSection(SolutionConfigurationPlatforms) = preSolution
		Debug|Any CPU = Debug|Any CPU
		Release|Any CPU = Release|Any CPU
	EndGlobalSection
	GlobalSection(ProjectConfigurationPlatforms) = postSolution
		{1767E08F-E298-40AB-9DB5-DF3128425BB2}.Debug|Any CPU.ActiveCfg = Debug|Any CPU
		{1767E08F-E298-40AB-9DB5-DF3128425BB2}.Debug|Any CPU.Build.0 = Debug|Any CPU
		{1767E08F-E298-40AB-9DB5-DF3128425BB2}.Debug|Any CPU.Deploy.0 = Debug|Any CPU
		{1767E08F-E298-40AB-9DB5-DF3128425BB2}.Release|Any CPU.ActiveCfg = Release|Any CPU
		{1767E08F-E298-40AB-9DB5-DF3128425BB2}.Release|Any CPU.Build.0 = Release|Any CPU
		{1767E08F-E298-40AB-9DB5-DF3128425BB2}.Release|Any CPU.Deploy.0 = Release|Any CPU
		{53391323-FD13-45F7-96A6-8CED004D6239}.Debug|Any CPU.ActiveCfg = Debug|Any CPU
		{53391323-FD13-45F7-96A6-8CED004D6239}.Debug|Any CPU.Build.0 = Debug|Any CPU
		{53391323-FD13-45F7-96A6-8CED004D6239}.Debug|Any CPU.Deploy.0 = Debug|Any CPU
		{53391323-FD13-45F7-96A6-8CED004D6239}.Release|Any CPU.ActiveCfg = Release|Any CPU
		{53391323-FD13-45F7-96A6-8CED004D6239}.Release|Any CPU.Build.0 = Release|Any CPU
		{53391323-FD13-45F7-96A6-8CED004D6239}.Release|Any CPU.Deploy.0 = Release|Any CPU
	EndGlobalSection
	GlobalSection(SolutionProperties) = preSolution
		HideSolutionNode = FALSE
	EndGlobalSection
	GlobalSection(ExtensibilityGlobals) = postSolution
		SolutionGuid = {BCA850FE-2AFC-4CD7-912F-7EE8B4707049}
	EndGlobalSection
EndGlobal
